github.com/devlights/gord v0.0.11 h1:J6WbKhOhhhAp2Fxjjq31vW8sEuuAjWqFKkBewNhhvjM=
github.com/devlights/gord v0.0.11/go.mod h1:zPmKMo+HmoOGDBThPb93A3+ZhlSf0T6FXqpCg2n2NTA=
github.com/devlights/gord v0.1.0 h1:wKbmo91ST4OzLOWAjKNbGL2BzqVE37kIwrqOXGRZJns=
github.com/devlights/gord v0.1.0/go.mod h1:zPmKMo+HmoOGDBThPb93A3+ZhlSf0T6FXqpCg2n2NTA=
github.com/go-ole/go-ole v1.3.0 h1:Dt6ye7+vXGIKZ7Xtk4s6/xVdGDQynvom7xCFEdWr6uE=
github.com/go-ole/go-ole v1.3.0/go.mod h1:5LS6F96DhAwUc7C+1HLexzMXY1xGRSryjyPPKW6zv78=
golang.org/x/sys v0.1.0/go.mod h1:oPkhp1MJrh7nUepCBck5+mAzfO9JrbApNNgaTdGDITg=
golang.org/x/sys v0.24.0 h1:Twjiwq9dn6R1fQcyiK+wQyHWfaz/BJB+YIpzU/Cv3Xg=
golang.org/x/sys v0.24.0/go.mod h1:/VUhepiaJMQUp4+oa/7Zr1D23ma6VTLIYjOOTFZPUcA=
golang.org/x/sys v0.25.0 h1:r+8e+loiHxRqhXVl6ML1nO3l1+oFoWbnlu2Ehimmi34=
golang.org/x/sys v0.25.0/go.mod h1:/VUhepiaJMQUp4+oa/7Zr1D23ma6VTLIYjOOTFZPUcA=
